# @generated by Move, please check-in and do not edit manually.

[move]
version = 3
manifest_digest = "B0871C0DA3B7112EC92F73D63F80CE1A00B2EE2A5C25C27173D711F025DD4649"
deps_digest = "F8BBB0CCB2491CA29A3DF03D6F92277A4F3574266507ACD77214D37ECA3F3082"
dependencies = [
  { id = "One", name = "One" },
]

[[move.package]]
id = "MoveStdlib"
source = { git = "https://github.com/one-chain-labs/onechain.git", rev = "a41ee41c3ce6", subdir = "crates\\sui-framework\\packages\\move-stdlib" }

[[move.package]]
id = "One"
source = { git = "https://github.com/one-chain-labs/onechain.git", rev = "a41ee41c3ce6", subdir = "crates/sui-framework/packages/one-framework" }

dependencies = [
  { id = "MoveStdlib", name = "MoveStdlib" },
]

[move.toolchain-version]
compiler-version = "1.0.1"
edition = "2024.beta"
flavor = "one"

[env]

[env.testnet]
chain-id = "1bd5c965"
original-published-id = "0xc823d76ccdc71a1df353952b6c75268b227d2735acf2860c9ed96d08e8142e89"
latest-published-id = "0xc823d76ccdc71a1df353952b6c75268b227d2735acf2860c9ed96d08e8142e89"
published-version = "1"
